
Microsoft Visual Studio Solution File, Format Version 12.00
# Visual Studio 2012
Project("{FAE04EC0-301F-11D3-BF4B-00C04F79EFBC}") = "webPresentation", "webPresentation\webPresentation.csproj", "{5E0620A9-D4F8-4E42-B488-A660CDE9757F}"
EndProject
Project("{FAE04EC0-301F-11D3-BF4B-00C04F79EFBC}") = "businessLogic", "businessLogic\businessLogic.csproj", "{95071F7B-9479-48D1-A1A2-F7E16965B9C6}"
EndProject
Project("{FAE04EC0-301F-11D3-BF4B-00C04F79EFBC}") = "Games", "Games\Games.csproj", "{760376FE-1812-46DF-AA8D-6228AFCCFA65}"
EndProject
Global
	GlobalSection(SolutionConfigurationPlatforms) = preSolution
		Debug|Any CPU = Debug|Any CPU
		Release|Any CPU = Release|Any CPU
	EndGlobalSection
	GlobalSection(ProjectConfigurationPlatforms) = postSolution
		{5E0620A9-D4F8-4E42-B488-A660CDE9757F}.Debug|Any CPU.ActiveCfg = Debug|Any CPU
		{5E0620A9-D4F8-4E42-B488-A660CDE9757F}.Debug|Any CPU.Build.0 = Debug|Any CPU
		{5E0620A9-D4F8-4E42-B488-A660CDE9757F}.Release|Any CPU.ActiveCfg = Release|Any CPU
		{5E0620A9-D4F8-4E42-B488-A660CDE9757F}.Release|Any CPU.Build.0 = Release|Any CPU
		{95071F7B-9479-48D1-A1A2-F7E16965B9C6}.Debug|Any CPU.ActiveCfg = Debug|Any CPU
		{95071F7B-9479-48D1-A1A2-F7E16965B9C6}.Debug|Any CPU.Build.0 = Debug|Any CPU
		{95071F7B-9479-48D1-A1A2-F7E16965B9C6}.Release|Any CPU.ActiveCfg = Release|Any CPU
		{95071F7B-9479-48D1-A1A2-F7E16965B9C6}.Release|Any CPU.Build.0 = Release|Any CPU
		{760376FE-1812-46DF-AA8D-6228AFCCFA65}.Debug|Any CPU.ActiveCfg = Debug|Any CPU
		{760376FE-1812-46DF-AA8D-6228AFCCFA65}.Debug|Any CPU.Build.0 = Debug|Any CPU
		{760376FE-1812-46DF-AA8D-6228AFCCFA65}.Release|Any CPU.ActiveCfg = Release|Any CPU
		{760376FE-1812-46DF-AA8D-6228AFCCFA65}.Release|Any CPU.Build.0 = Release|Any CPU
	EndGlobalSection
	GlobalSection(SolutionProperties) = preSolution
		HideSolutionNode = FALSE
	EndGlobalSection
EndGlobal
