
Microsoft Visual Studio Solution File, Format Version 12.00
# Visual Studio 2012
Project("{E24C65DC-7377-472B-9ABA-BC803B73C61A}") = "bearded-lama", "http://localhost:2915", "{59BD75EC-BC04-4510-9618-A1199DBBB495}"
	ProjectSection(WebsiteProperties) = preProject
		UseIISExpress = "true"
		TargetFrameworkMoniker = ".NETFramework,Version%3Dv4.5"
		Debug.AspNetCompiler.VirtualPath = "/localhost_2915"
		Debug.AspNetCompiler.PhysicalPath = "..\bearded-lama\"
		Debug.AspNetCompiler.TargetPath = "PrecompiledWeb\localhost_2915\"
		Debug.AspNetCompiler.Updateable = "true"
		Debug.AspNetCompiler.ForceOverwrite = "true"
		Debug.AspNetCompiler.FixedNames = "false"
		Debug.AspNetCompiler.Debug = "True"
		Release.AspNetCompiler.VirtualPath = "/localhost_2915"
		Release.AspNetCompiler.PhysicalPath = "..\bearded-lama\"
		Release.AspNetCompiler.TargetPath = "PrecompiledWeb\localhost_2915\"
		Release.AspNetCompiler.Updateable = "true"
		Release.AspNetCompiler.ForceOverwrite = "true"
		Release.AspNetCompiler.FixedNames = "false"
		Release.AspNetCompiler.Debug = "False"
		SlnRelativePath = "..\bearded-lama\"
		DefaultWebSiteLanguage = "Visual Basic"
	EndProjectSection
EndProject
Global
	GlobalSection(SolutionConfigurationPlatforms) = preSolution
		Debug|Any CPU = Debug|Any CPU
		Release|Any CPU = Release|Any CPU
	EndGlobalSection
	GlobalSection(ProjectConfigurationPlatforms) = postSolution
		{59BD75EC-BC04-4510-9618-A1199DBBB495}.Debug|Any CPU.ActiveCfg = Debug|Any CPU
		{59BD75EC-BC04-4510-9618-A1199DBBB495}.Debug|Any CPU.Build.0 = Debug|Any CPU
		{59BD75EC-BC04-4510-9618-A1199DBBB495}.Release|Any CPU.ActiveCfg = Debug|Any CPU
		{59BD75EC-BC04-4510-9618-A1199DBBB495}.Release|Any CPU.Build.0 = Debug|Any CPU
	EndGlobalSection
	GlobalSection(SolutionProperties) = preSolution
		HideSolutionNode = FALSE
	EndGlobalSection
EndGlobal
